{
    "_meta": {
        "hash": {
            "sha256": "3f679af14cf8bad7f403cc5fef0e264a3b46897cdcd562280647e7f4c219a244"
        },
        "host-environment-markers": {
            "implementation_name": "cpython",
            "implementation_version": "3.6.3",
            "os_name": "posix",
            "platform_machine": "x86_64",
            "platform_python_implementation": "CPython",
            "platform_release": "4.13.0-25-generic",
            "platform_system": "Linux",
            "platform_version": "#29-Ubuntu SMP Mon Jan 8 21:14:41 UTC 2018",
            "python_full_version": "3.6.3",
            "python_version": "3.6",
            "sys_platform": "linux"
        },
        "pipfile-spec": 6,
        "requires": {
            "python_version": "3.6"
        },
        "sources": [
            {
                "name": "pypi",
                "url": "https://pypi.python.org/simple",
                "verify_ssl": true
            }
        ]
    },
    "default": {
        "invoke": {
            "editable": true,
            "git": "https://github.com/pyinvoke/invoke",
            "ref": "a78fa6e037e538b19b2791c669ead5fcabad7951"
        }
    },
    "develop": {}
}
